// !$*UTF8*$!
{
	archiveVersion = 1;
	classes = {
	};
	objectVersion = 56;
	objects = {

/* Begin PBXBuildFile section */
		A10001 /* DaidaiPanelApp.swift in Sources */ = {isa = PBXBuildFile; fileRef = B10001; };
		A10002 /* ApiEndpoints.swift in Sources */ = {isa = PBXBuildFile; fileRef = B10002; };
		A10003 /* ApiService.swift in Sources */ = {isa = PBXBuildFile; fileRef = B10003; };
		A10004 /* AuthInterceptor.swift in Sources */ = {isa = PBXBuildFile; fileRef = B10004; };
		A10005 /* UserAgentProvider.swift in Sources */ = {isa = PBXBuildFile; fileRef = B10005; };
		A10006 /* SseClient.swift in Sources */ = {isa = PBXBuildFile; fileRef = B10006; };
		A10007 /* KeychainStorage.swift in Sources */ = {isa = PBXBuildFile; fileRef = B10007; };
		A10008 /* ThemePreferences.swift in Sources */ = {isa = PBXBuildFile; fileRef = B10008; };
		A10009 /* AuthService.swift in Sources */ = {isa = PBXBuildFile; fileRef = B10009; };
		A10010 /* AuthViewModel.swift in Sources */ = {isa = PBXBuildFile; fileRef = B10010; };
		A10011 /* AppColors.swift in Sources */ = {isa = PBXBuildFile; fileRef = B10011; };
		A10012 /* ThemeManager.swift in Sources */ = {isa = PBXBuildFile; fileRef = B10012; };
		A10013 /* Task.swift in Sources */ = {isa = PBXBuildFile; fileRef = B10013; };
		A10014 /* EnvVar.swift in Sources */ = {isa = PBXBuildFile; fileRef = B10014; };
		A10015 /* User.swift in Sources */ = {isa = PBXBuildFile; fileRef = B10015; };
		A10016 /* TaskLog.swift in Sources */ = {isa = PBXBuildFile; fileRef = B10016; };
		A10017 /* NotifyChannel.swift in Sources */ = {isa = PBXBuildFile; fileRef = B10017; };
		A10018 /* Dependency.swift in Sources */ = {isa = PBXBuildFile; fileRef = B10018; };
		A10019 /* Subscription.swift in Sources */ = {isa = PBXBuildFile; fileRef = B10019; };
		A10020 /* ApiResponse.swift in Sources */ = {isa = PBXBuildFile; fileRef = B10020; };
		A10021 /* TimeUtils.swift in Sources */ = {isa = PBXBuildFile; fileRef = B10021; };
		A10022 /* ApiUtils.swift in Sources */ = {isa = PBXBuildFile; fileRef = B10022; };
		A20001 /* AppBackground.swift in Sources */ = {isa = PBXBuildFile; fileRef = B20001; };
		A20002 /* AppListTile.swift in Sources */ = {isa = PBXBuildFile; fileRef = B20002; };
		A20003 /* GlassCard.swift in Sources */ = {isa = PBXBuildFile; fileRef = B20003; };
		A20004 /* GlassScaffold.swift in Sources */ = {isa = PBXBuildFile; fileRef = B20004; };
		A20005 /* GlassTabBar.swift in Sources */ = {isa = PBXBuildFile; fileRef = B20005; };
		A20006 /* ResourceCard.swift in Sources */ = {isa = PBXBuildFile; fileRef = B20006; };
		A20007 /* SearchBar.swift in Sources */ = {isa = PBXBuildFile; fileRef = B20007; };
		A20008 /* StatusBadge.swift in Sources */ = {isa = PBXBuildFile; fileRef = B20008; };
		A20009 /* DashboardView.swift in Sources */ = {isa = PBXBuildFile; fileRef = B20009; };
		A20010 /* DashboardViewModel.swift in Sources */ = {isa = PBXBuildFile; fileRef = B20010; };
		A20011 /* DepListView.swift in Sources */ = {isa = PBXBuildFile; fileRef = B20011; };
		A20012 /* DepViewModel.swift in Sources */ = {isa = PBXBuildFile; fileRef = B20012; };
		A20013 /* EnvListView.swift in Sources */ = {isa = PBXBuildFile; fileRef = B20013; };
		A20014 /* EnvViewModel.swift in Sources */ = {isa = PBXBuildFile; fileRef = B20014; };
		A20015 /* BootPage.swift in Sources */ = {isa = PBXBuildFile; fileRef = B20015; };
		A20016 /* LoginPage.swift in Sources */ = {isa = PBXBuildFile; fileRef = B20016; };
		A20017 /* ServerConfigPage.swift in Sources */ = {isa = PBXBuildFile; fileRef = B20017; };
		A20018 /* LogListView.swift in Sources */ = {isa = PBXBuildFile; fileRef = B20018; };
		A20019 /* LogViewModel.swift in Sources */ = {isa = PBXBuildFile; fileRef = B20019; };
		A20020 /* MainTabView.swift in Sources */ = {isa = PBXBuildFile; fileRef = B20020; };
		A20021 /* AppNavigation.swift in Sources */ = {isa = PBXBuildFile; fileRef = B20021; };
		A20022 /* NotificationListView.swift in Sources */ = {isa = PBXBuildFile; fileRef = B20022; };
		A20023 /* NotificationViewModel.swift in Sources */ = {isa = PBXBuildFile; fileRef = B20023; };
		A20024 /* OpenApiView.swift in Sources */ = {isa = PBXBuildFile; fileRef = B20024; };
		A20025 /* OpenApiViewModel.swift in Sources */ = {isa = PBXBuildFile; fileRef = B20025; };
		A20026 /* ScriptListView.swift in Sources */ = {isa = PBXBuildFile; fileRef = B20026; };
		A20027 /* ScriptViewView.swift in Sources */ = {isa = PBXBuildFile; fileRef = B20027; };
		A20028 /* ScriptViewModel.swift in Sources */ = {isa = PBXBuildFile; fileRef = B20028; };
		A20029 /* SecurityView.swift in Sources */ = {isa = PBXBuildFile; fileRef = B20029; };
		A20030 /* SecurityViewModel.swift in Sources */ = {isa = PBXBuildFile; fileRef = B20030; };
		A20031 /* AppLockSettingsView.swift in Sources */ = {isa = PBXBuildFile; fileRef = B20031; };
		A20032 /* MoreView.swift in Sources */ = {isa = PBXBuildFile; fileRef = B20032; };
		A20033 /* SponsorView.swift in Sources */ = {isa = PBXBuildFile; fileRef = B20033; };
		A20034 /* SponsorViewModel.swift in Sources */ = {isa = PBXBuildFile; fileRef = B20034; };
		A20035 /* ThemeSettingsView.swift in Sources */ = {isa = PBXBuildFile; fileRef = B20035; };
		A20036 /* SubscriptionListView.swift in Sources */ = {isa = PBXBuildFile; fileRef = B20036; };
		A20037 /* SubscriptionViewModel.swift in Sources */ = {isa = PBXBuildFile; fileRef = B20037; };
		A20038 /* BackupView.swift in Sources */ = {isa = PBXBuildFile; fileRef = B20038; };
		A20039 /* PanelLogView.swift in Sources */ = {isa = PBXBuildFile; fileRef = B20039; };
		A20040 /* SystemSettingsView.swift in Sources */ = {isa = PBXBuildFile; fileRef = B20040; };
		A20041 /* SystemViewModel.swift in Sources */ = {isa = PBXBuildFile; fileRef = B20041; };
		A20042 /* TaskListView.swift in Sources */ = {isa = PBXBuildFile; fileRef = B20042; };
		A20043 /* TaskViewModel.swift in Sources */ = {isa = PBXBuildFile; fileRef = B20043; };
		A20044 /* UserListView.swift in Sources */ = {isa = PBXBuildFile; fileRef = B20044; };
		A20045 /* UserViewModel.swift in Sources */ = {isa = PBXBuildFile; fileRef = B20045; };
		A30001 /* EnvDetailView.swift in Sources */ = {isa = PBXBuildFile; fileRef = B30001; };
		A30002 /* LogStreamView.swift in Sources */ = {isa = PBXBuildFile; fileRef = B30002; };
		A30003 /* AboutView.swift in Sources */ = {isa = PBXBuildFile; fileRef = B30003; };
/* End PBXBuildFile section */

/* Begin PBXFileReference section */
		B10001 /* DaidaiPanelApp.swift */ = {isa = PBXFileReference; lastKnownFileType = sourcecode.swift; path = DaidaiPanelApp.swift; sourceTree = "<group>"; };
		B10002 /* ApiEndpoints.swift */ = {isa = PBXFileReference; lastKnownFileType = sourcecode.swift; path = ApiEndpoints.swift; sourceTree = "<group>"; };
		B10003 /* ApiService.swift */ = {isa = PBXFileReference; lastKnownFileType = sourcecode.swift; path = ApiService.swift; sourceTree = "<group>"; };
		B10004 /* AuthInterceptor.swift */ = {isa = PBXFileReference; lastKnownFileType = sourcecode.swift; path = AuthInterceptor.swift; sourceTree = "<group>"; };
		B10005 /* UserAgentProvider.swift */ = {isa = PBXFileReference; lastKnownFileType = sourcecode.swift; path = UserAgentProvider.swift; sourceTree = "<group>"; };
		B10006 /* SseClient.swift */ = {isa = PBXFileReference; lastKnownFileType = sourcecode.swift; path = SseClient.swift; sourceTree = "<group>"; };
		B10007 /* KeychainStorage.swift */ = {isa = PBXFileReference; lastKnownFileType = sourcecode.swift; path = KeychainStorage.swift; sourceTree = "<group>"; };
		B10008 /* ThemePreferences.swift */ = {isa = PBXFileReference; lastKnownFileType = sourcecode.swift; path = ThemePreferences.swift; sourceTree = "<group>"; };
		B10009 /* AuthService.swift */ = {isa = PBXFileReference; lastKnownFileType = sourcecode.swift; path = AuthService.swift; sourceTree = "<group>"; };
		B10010 /* AuthViewModel.swift */ = {isa = PBXFileReference; lastKnownFileType = sourcecode.swift; path = AuthViewModel.swift; sourceTree = "<group>"; };
		B10011 /* AppColors.swift */ = {isa = PBXFileReference; lastKnownFileType = sourcecode.swift; path = AppColors.swift; sourceTree = "<group>"; };
		B10012 /* ThemeManager.swift */ = {isa = PBXFileReference; lastKnownFileType = sourcecode.swift; path = ThemeManager.swift; sourceTree = "<group>"; };
		B10013 /* Task.swift */ = {isa = PBXFileReference; lastKnownFileType = sourcecode.swift; path = Task.swift; sourceTree = "<group>"; };
		B10014 /* EnvVar.swift */ = {isa = PBXFileReference; lastKnownFileType = sourcecode.swift; path = EnvVar.swift; sourceTree = "<group>"; };
		B10015 /* User.swift */ = {isa = PBXFileReference; lastKnownFileType = sourcecode.swift; path = User.swift; sourceTree = "<group>"; };
		B10016 /* TaskLog.swift */ = {isa = PBXFileReference; lastKnownFileType = sourcecode.swift; path = TaskLog.swift; sourceTree = "<group>"; };
		B10017 /* NotifyChannel.swift */ = {isa = PBXFileReference; lastKnownFileType = sourcecode.swift; path = NotifyChannel.swift; sourceTree = "<group>"; };
		B10018 /* Dependency.swift */ = {isa = PBXFileReference; lastKnownFileType = sourcecode.swift; path = Dependency.swift; sourceTree = "<group>"; };
		B10019 /* Subscription.swift */ = {isa = PBXFileReference; lastKnownFileType = sourcecode.swift; path = Subscription.swift; sourceTree = "<group>"; };
		B10020 /* ApiResponse.swift */ = {isa = PBXFileReference; lastKnownFileType = sourcecode.swift; path = ApiResponse.swift; sourceTree = "<group>"; };
		B10021 /* TimeUtils.swift */ = {isa = PBXFileReference; lastKnownFileType = sourcecode.swift; path = TimeUtils.swift; sourceTree = "<group>"; };
		B10022 /* ApiUtils.swift */ = {isa = PBXFileReference; lastKnownFileType = sourcecode.swift; path = ApiUtils.swift; sourceTree = "<group>"; };
		B10099 /* Info.plist */ = {isa = PBXFileReference; lastKnownFileType = text.plist.xml; path = Info.plist; sourceTree = "<group>"; };
		B20001 /* AppBackground.swift */ = {isa = PBXFileReference; lastKnownFileType = sourcecode.swift; path = AppBackground.swift; sourceTree = "<group>"; };
		B20002 /* AppListTile.swift */ = {isa = PBXFileReference; lastKnownFileType = sourcecode.swift; path = AppListTile.swift; sourceTree = "<group>"; };
		B20003 /* GlassCard.swift */ = {isa = PBXFileReference; lastKnownFileType = sourcecode.swift; path = GlassCard.swift; sourceTree = "<group>"; };
		B20004 /* GlassScaffold.swift */ = {isa = PBXFileReference; lastKnownFileType = sourcecode.swift; path = GlassScaffold.swift; sourceTree = "<group>"; };
		B20005 /* GlassTabBar.swift */ = {isa = PBXFileReference; lastKnownFileType = sourcecode.swift; path = GlassTabBar.swift; sourceTree = "<group>"; };
		B20006 /* ResourceCard.swift */ = {isa = PBXFileReference; lastKnownFileType = sourcecode.swift; path = ResourceCard.swift; sourceTree = "<group>"; };
		B20007 /* SearchBar.swift */ = {isa = PBXFileReference; lastKnownFileType = sourcecode.swift; path = SearchBar.swift; sourceTree = "<group>"; };
		B20008 /* StatusBadge.swift */ = {isa = PBXFileReference; lastKnownFileType = sourcecode.swift; path = StatusBadge.swift; sourceTree = "<group>"; };
		B20009 /* DashboardView.swift */ = {isa = PBXFileReference; lastKnownFileType = sourcecode.swift; path = DashboardView.swift; sourceTree = "<group>"; };
		B20010 /* DashboardViewModel.swift */ = {isa = PBXFileReference; lastKnownFileType = sourcecode.swift; path = DashboardViewModel.swift; sourceTree = "<group>"; };
		B20011 /* DepListView.swift */ = {isa = PBXFileReference; lastKnownFileType = sourcecode.swift; path = DepListView.swift; sourceTree = "<group>"; };
		B20012 /* DepViewModel.swift */ = {isa = PBXFileReference; lastKnownFileType = sourcecode.swift; path = DepViewModel.swift; sourceTree = "<group>"; };
		B20013 /* EnvListView.swift */ = {isa = PBXFileReference; lastKnownFileType = sourcecode.swift; path = EnvListView.swift; sourceTree = "<group>"; };
		B20014 /* EnvViewModel.swift */ = {isa = PBXFileReference; lastKnownFileType = sourcecode.swift; path = EnvViewModel.swift; sourceTree = "<group>"; };
		B20015 /* BootPage.swift */ = {isa = PBXFileReference; lastKnownFileType = sourcecode.swift; path = BootPage.swift; sourceTree = "<group>"; };
		B20016 /* LoginPage.swift */ = {isa = PBXFileReference; lastKnownFileType = sourcecode.swift; path = LoginPage.swift; sourceTree = "<group>"; };
		B20017 /* ServerConfigPage.swift */ = {isa = PBXFileReference; lastKnownFileType = sourcecode.swift; path = ServerConfigPage.swift; sourceTree = "<group>"; };
		B20018 /* LogListView.swift */ = {isa = PBXFileReference; lastKnownFileType = sourcecode.swift; path = LogListView.swift; sourceTree = "<group>"; };
		B20019 /* LogViewModel.swift */ = {isa = PBXFileReference; lastKnownFileType = sourcecode.swift; path = LogViewModel.swift; sourceTree = "<group>"; };
		B20020 /* MainTabView.swift */ = {isa = PBXFileReference; lastKnownFileType = sourcecode.swift; path = MainTabView.swift; sourceTree = "<group>"; };
		B20021 /* AppNavigation.swift */ = {isa = PBXFileReference; lastKnownFileType = sourcecode.swift; path = AppNavigation.swift; sourceTree = "<group>"; };
		B20022 /* NotificationListView.swift */ = {isa = PBXFileReference; lastKnownFileType = sourcecode.swift; path = NotificationListView.swift; sourceTree = "<group>"; };
		B20023 /* NotificationViewModel.swift */ = {isa = PBXFileReference; lastKnownFileType = sourcecode.swift; path = NotificationViewModel.swift; sourceTree = "<group>"; };
		B20024 /* OpenApiView.swift */ = {isa = PBXFileReference; lastKnownFileType = sourcecode.swift; path = OpenApiView.swift; sourceTree = "<group>"; };
		B20025 /* OpenApiViewModel.swift */ = {isa = PBXFileReference; lastKnownFileType = sourcecode.swift; path = OpenApiViewModel.swift; sourceTree = "<group>"; };
		B20026 /* ScriptListView.swift */ = {isa = PBXFileReference; lastKnownFileType = sourcecode.swift; path = ScriptListView.swift; sourceTree = "<group>"; };
		B20027 /* ScriptViewView.swift */ = {isa = PBXFileReference; lastKnownFileType = sourcecode.swift; path = ScriptViewView.swift; sourceTree = "<group>"; };
		B20028 /* ScriptViewModel.swift */ = {isa = PBXFileReference; lastKnownFileType = sourcecode.swift; path = ScriptViewModel.swift; sourceTree = "<group>"; };
		B20029 /* SecurityView.swift */ = {isa = PBXFileReference; lastKnownFileType = sourcecode.swift; path = SecurityView.swift; sourceTree = "<group>"; };
		B20030 /* SecurityViewModel.swift */ = {isa = PBXFileReference; lastKnownFileType = sourcecode.swift; path = SecurityViewModel.swift; sourceTree = "<group>"; };
		B20031 /* AppLockSettingsView.swift */ = {isa = PBXFileReference; lastKnownFileType = sourcecode.swift; path = AppLockSettingsView.swift; sourceTree = "<group>"; };
		B20032 /* MoreView.swift */ = {isa = PBXFileReference; lastKnownFileType = sourcecode.swift; path = MoreView.swift; sourceTree = "<group>"; };
		B20033 /* SponsorView.swift */ = {isa = PBXFileReference; lastKnownFileType = sourcecode.swift; path = SponsorView.swift; sourceTree = "<group>"; };
		B20034 /* SponsorViewModel.swift */ = {isa = PBXFileReference; lastKnownFileType = sourcecode.swift; path = SponsorViewModel.swift; sourceTree = "<group>"; };
		B20035 /* ThemeSettingsView.swift */ = {isa = PBXFileReference; lastKnownFileType = sourcecode.swift; path = ThemeSettingsView.swift; sourceTree = "<group>"; };
		B20036 /* SubscriptionListView.swift */ = {isa = PBXFileReference; lastKnownFileType = sourcecode.swift; path = SubscriptionListView.swift; sourceTree = "<group>"; };
		B20037 /* SubscriptionViewModel.swift */ = {isa = PBXFileReference; lastKnownFileType = sourcecode.swift; path = SubscriptionViewModel.swift; sourceTree = "<group>"; };
		B20038 /* BackupView.swift */ = {isa = PBXFileReference; lastKnownFileType = sourcecode.swift; path = BackupView.swift; sourceTree = "<group>"; };
		B20039 /* PanelLogView.swift */ = {isa = PBXFileReference; lastKnownFileType = sourcecode.swift; path = PanelLogView.swift; sourceTree = "<group>"; };
		B20040 /* SystemSettingsView.swift */ = {isa = PBXFileReference; lastKnownFileType = sourcecode.swift; path = SystemSettingsView.swift; sourceTree = "<group>"; };
		B20041 /* SystemViewModel.swift */ = {isa = PBXFileReference; lastKnownFileType = sourcecode.swift; path = SystemViewModel.swift; sourceTree = "<group>"; };
		B20042 /* TaskListView.swift */ = {isa = PBXFileReference; lastKnownFileType = sourcecode.swift; path = TaskListView.swift; sourceTree = "<group>"; };
		B20043 /* TaskViewModel.swift */ = {isa = PBXFileReference; lastKnownFileType = sourcecode.swift; path = TaskViewModel.swift; sourceTree = "<group>"; };
		B20044 /* UserListView.swift */ = {isa = PBXFileReference; lastKnownFileType = sourcecode.swift; path = UserListView.swift; sourceTree = "<group>"; };
		B20045 /* UserViewModel.swift */ = {isa = PBXFileReference; lastKnownFileType = sourcecode.swift; path = UserViewModel.swift; sourceTree = "<group>"; };
		B30001 /* EnvDetailView.swift */ = {isa = PBXFileReference; lastKnownFileType = sourcecode.swift; path = EnvDetailView.swift; sourceTree = "<group>"; };
		B30002 /* LogStreamView.swift */ = {isa = PBXFileReference; lastKnownFileType = sourcecode.swift; path = LogStreamView.swift; sourceTree = "<group>"; };
		B30003 /* AboutView.swift */ = {isa = PBXFileReference; lastKnownFileType = sourcecode.swift; path = AboutView.swift; sourceTree = "<group>"; };
		C10001 /* DaidaiPanel.app */ = {isa = PBXFileReference; explicitFileType = wrapper.application; includeInIndex = 0; path = DaidaiPanel.app; sourceTree = BUILT_PRODUCTS_DIR; };
/* End PBXFileReference section */

/* Begin PBXFrameworksBuildPhase section */
		D10001 /* Frameworks */ = {
			isa = PBXFrameworksBuildPhase;
			buildActionMask = 2147483647;
			files = (
			);
			runOnlyForDeploymentPostprocessing = 0;
		};
/* End PBXFrameworksBuildPhase section */

/* Begin PBXGroup section */
		G00001 = {
			isa = PBXGroup;
			children = (
				G00002 /* DaidaiPanel */,
				G00099 /* Products */,
			);
			sourceTree = "<group>";
		};
		G00002 /* DaidaiPanel */ = {
			isa = PBXGroup;
			children = (
				B10001 /* DaidaiPanelApp.swift */,
				B10099 /* Info.plist */,
				G00003 /* core */,
				G00008 /* data */,
				G00011 /* ui */,
				G00010 /* util */,
			);
			path = DaidaiPanel;
			sourceTree = "<group>";
		};
		G00003 /* core */ = {
			isa = PBXGroup;
			children = (
				G00006 /* auth */,
				G00004 /* network */,
				G00005 /* storage */,
				G00007 /* theme */,
			);
			path = core;
			sourceTree = "<group>";
		};
		G00004 /* network */ = {
			isa = PBXGroup;
			children = (
				B10002 /* ApiEndpoints.swift */,
				B10003 /* ApiService.swift */,
				B10004 /* AuthInterceptor.swift */,
				B10006 /* SseClient.swift */,
				B10005 /* UserAgentProvider.swift */,
			);
			path = network;
			sourceTree = "<group>";
		};
		G00005 /* storage */ = {
			isa = PBXGroup;
			children = (
				B10007 /* KeychainStorage.swift */,
				B10008 /* ThemePreferences.swift */,
			);
			path = storage;
			sourceTree = "<group>";
		};
		G00006 /* auth */ = {
			isa = PBXGroup;
			children = (
				B10009 /* AuthService.swift */,
				B10010 /* AuthViewModel.swift */,
			);
			path = auth;
			sourceTree = "<group>";
		};
		G00007 /* theme */ = {
			isa = PBXGroup;
			children = (
				B10011 /* AppColors.swift */,
				B10012 /* ThemeManager.swift */,
			);
			path = theme;
			sourceTree = "<group>";
		};
		G00008 /* data */ = {
			isa = PBXGroup;
			children = (
				G00009 /* model */,
			);
			path = data;
			sourceTree = "<group>";
		};
		G00009 /* model */ = {
			isa = PBXGroup;
			children = (
				B10020 /* ApiResponse.swift */,
				B10018 /* Dependency.swift */,
				B10014 /* EnvVar.swift */,
				B10017 /* NotifyChannel.swift */,
				B10019 /* Subscription.swift */,
				B10013 /* Task.swift */,
				B10016 /* TaskLog.swift */,
				B10015 /* User.swift */,
			);
			path = model;
			sourceTree = "<group>";
		};
		G00010 /* util */ = {
			isa = PBXGroup;
			children = (
				B10022 /* ApiUtils.swift */,
				B10021 /* TimeUtils.swift */,
			);
			path = util;
			sourceTree = "<group>";
		};
		G00011 /* ui */ = {
			isa = PBXGroup;
			children = (
				G00012 /* components */,
				G00013 /* dashboard */,
				G00014 /* deps */,
				G00015 /* envs */,
				G00016 /* login */,
				G00017 /* logs */,
				G00018 /* main */,
				G00019 /* navigation */,
				G00020 /* notifications */,
				G00021 /* openapi */,
				G00022 /* scripts */,
				G00023 /* security */,
				G00024 /* settings */,
				G00025 /* subscriptions */,
				G00026 /* system */,
				G00027 /* tasks */,
				G00028 /* users */,
			);
			path = ui;
			sourceTree = "<group>";
		};
		G00012 /* components */ = {
			isa = PBXGroup;
			children = (
				B20001 /* AppBackground.swift */,
				B20002 /* AppListTile.swift */,
				B20003 /* GlassCard.swift */,
				B20004 /* GlassScaffold.swift */,
				B20005 /* GlassTabBar.swift */,
				B20006 /* ResourceCard.swift */,
				B20007 /* SearchBar.swift */,
				B20008 /* StatusBadge.swift */,
			);
			path = components;
			sourceTree = "<group>";
		};
		G00013 /* dashboard */ = {
			isa = PBXGroup;
			children = (
				B20009 /* DashboardView.swift */,
				B20010 /* DashboardViewModel.swift */,
			);
			path = dashboard;
			sourceTree = "<group>";
		};
		G00014 /* deps */ = {
			isa = PBXGroup;
			children = (
				B20011 /* DepListView.swift */,
				B20012 /* DepViewModel.swift */,
			);
			path = deps;
			sourceTree = "<group>";
		};
		G00015 /* envs */ = {
			isa = PBXGroup;
			children = (
				B20013 /* EnvListView.swift */,
				B20014 /* EnvViewModel.swift */,
				B30001 /* EnvDetailView.swift */,
			);
			path = envs;
			sourceTree = "<group>";
		};
		G00016 /* login */ = {
			isa = PBXGroup;
			children = (
				B20015 /* BootPage.swift */,
				B20016 /* LoginPage.swift */,
				B20017 /* ServerConfigPage.swift */,
			);
			path = login;
			sourceTree = "<group>";
		};
		G00017 /* logs */ = {
			isa = PBXGroup;
			children = (
				B20018 /* LogListView.swift */,
				B20019 /* LogViewModel.swift */,
				B30002 /* LogStreamView.swift */,
			);
			path = logs;
			sourceTree = "<group>";
		};
		G00018 /* main */ = {
			isa = PBXGroup;
			children = (
				B20020 /* MainTabView.swift */,
			);
			path = main;
			sourceTree = "<group>";
		};
		G00019 /* navigation */ = {
			isa = PBXGroup;
			children = (
				B20021 /* AppNavigation.swift */,
			);
			path = navigation;
			sourceTree = "<group>";
		};
		G00020 /* notifications */ = {
			isa = PBXGroup;
			children = (
				B20022 /* NotificationListView.swift */,
				B20023 /* NotificationViewModel.swift */,
			);
			path = notifications;
			sourceTree = "<group>";
		};
		G00021 /* openapi */ = {
			isa = PBXGroup;
			children = (
				B20024 /* OpenApiView.swift */,
				B20025 /* OpenApiViewModel.swift */,
			);
			path = openapi;
			sourceTree = "<group>";
		};
		G00022 /* scripts */ = {
			isa = PBXGroup;
			children = (
				B20026 /* ScriptListView.swift */,
				B20028 /* ScriptViewModel.swift */,
				B20027 /* ScriptViewView.swift */,
			);
			path = scripts;
			sourceTree = "<group>";
		};
		G00023 /* security */ = {
			isa = PBXGroup;
			children = (
				B20029 /* SecurityView.swift */,
				B20030 /* SecurityViewModel.swift */,
			);
			path = security;
			sourceTree = "<group>";
		};
		G00024 /* settings */ = {
			isa = PBXGroup;
			children = (
				B30003 /* AboutView.swift */,
				B20031 /* AppLockSettingsView.swift */,
				B20032 /* MoreView.swift */,
				B20033 /* SponsorView.swift */,
				B20034 /* SponsorViewModel.swift */,
				B20035 /* ThemeSettingsView.swift */,
			);
			path = settings;
			sourceTree = "<group>";
		};
		G00025 /* subscriptions */ = {
			isa = PBXGroup;
			children = (
				B20036 /* SubscriptionListView.swift */,
				B20037 /* SubscriptionViewModel.swift */,
			);
			path = subscriptions;
			sourceTree = "<group>";
		};
		G00026 /* system */ = {
			isa = PBXGroup;
			children = (
				B20038 /* BackupView.swift */,
				B20039 /* PanelLogView.swift */,
				B20040 /* SystemSettingsView.swift */,
				B20041 /* SystemViewModel.swift */,
			);
			path = system;
			sourceTree = "<group>";
		};
		G00027 /* tasks */ = {
			isa = PBXGroup;
			children = (
				B20042 /* TaskListView.swift */,
				B20043 /* TaskViewModel.swift */,
			);
			path = tasks;
			sourceTree = "<group>";
		};
		G00028 /* users */ = {
			isa = PBXGroup;
			children = (
				B20044 /* UserListView.swift */,
				B20045 /* UserViewModel.swift */,
			);
			path = users;
			sourceTree = "<group>";
		};
		G00099 /* Products */ = {
			isa = PBXGroup;
			children = (
				C10001 /* DaidaiPanel.app */,
			);
			name = Products;
			sourceTree = "<group>";
		};
/* End PBXGroup section */

/* Begin PBXNativeTarget section */
		T10001 /* DaidaiPanel */ = {
			isa = PBXNativeTarget;
			buildConfigurationList = X10001 /* Build configuration list for PBXNativeTarget "DaidaiPanel" */;
			buildPhases = (
				P10001 /* Sources */,
				D10001 /* Frameworks */,
				P10002 /* Resources */,
			);
			buildRules = (
			);
			dependencies = (
			);
			name = DaidaiPanel;
			productName = DaidaiPanel;
			productReference = C10001 /* DaidaiPanel.app */;
			productType = "com.apple.product-type.application";
		};
/* End PBXNativeTarget section */

/* Begin PBXProject section */
		PR0001 /* Project object */ = {
			isa = PBXProject;
			attributes = {
				BuildIndependentTargetsInParallel = 1;
				LastSwiftUpdateCheck = 1500;
				LastUpgradeCheck = 1500;
				TargetAttributes = {
					T10001 = {
						CreatedOnToolsVersion = 15.0;
					};
				};
			};
			buildConfigurationList = X10000 /* Build configuration list for PBXProject "DaidaiPanel" */;
			compatibilityVersion = "Xcode 14.0";
			developmentRegion = "zh-Hans";
			hasScannedForEncodings = 0;
			knownRegions = (
				"zh-Hans",
				en,
				Base,
			);
			mainGroup = G00001;
			productRefGroup = G00099 /* Products */;
			projectDirPath = "";
			projectRoot = "";
			targets = (
				T10001 /* DaidaiPanel */,
			);
		};
/* End PBXProject section */

/* Begin PBXResourcesBuildPhase section */
		P10002 /* Resources */ = {
			isa = PBXResourcesBuildPhase;
			buildActionMask = 2147483647;
			files = (
			);
			runOnlyForDeploymentPostprocessing = 0;
		};
/* End PBXResourcesBuildPhase section */

/* Begin PBXSourcesBuildPhase section */
		P10001 /* Sources */ = {
			isa = PBXSourcesBuildPhase;
			buildActionMask = 2147483647;
			files = (
				A10001 /* DaidaiPanelApp.swift in Sources */,
				A10002 /* ApiEndpoints.swift in Sources */,
				A10003 /* ApiService.swift in Sources */,
				A10004 /* AuthInterceptor.swift in Sources */,
				A10005 /* UserAgentProvider.swift in Sources */,
				A10006 /* SseClient.swift in Sources */,
				A10007 /* KeychainStorage.swift in Sources */,
				A10008 /* ThemePreferences.swift in Sources */,
				A10009 /* AuthService.swift in Sources */,
				A10010 /* AuthViewModel.swift in Sources */,
				A10011 /* AppColors.swift in Sources */,
				A10012 /* ThemeManager.swift in Sources */,
				A10013 /* Task.swift in Sources */,
				A10014 /* EnvVar.swift in Sources */,
				A10015 /* User.swift in Sources */,
				A10016 /* TaskLog.swift in Sources */,
				A10017 /* NotifyChannel.swift in Sources */,
				A10018 /* Dependency.swift in Sources */,
				A10019 /* Subscription.swift in Sources */,
				A10020 /* ApiResponse.swift in Sources */,
				A10021 /* TimeUtils.swift in Sources */,
				A10022 /* ApiUtils.swift in Sources */,
				A20001 /* AppBackground.swift in Sources */,
				A20002 /* AppListTile.swift in Sources */,
				A20003 /* GlassCard.swift in Sources */,
				A20004 /* GlassScaffold.swift in Sources */,
				A20005 /* GlassTabBar.swift in Sources */,
				A20006 /* ResourceCard.swift in Sources */,
				A20007 /* SearchBar.swift in Sources */,
				A20008 /* StatusBadge.swift in Sources */,
				A20009 /* DashboardView.swift in Sources */,
				A20010 /* DashboardViewModel.swift in Sources */,
				A20011 /* DepListView.swift in Sources */,
				A20012 /* DepViewModel.swift in Sources */,
				A20013 /* EnvListView.swift in Sources */,
				A20014 /* EnvViewModel.swift in Sources */,
				A20015 /* BootPage.swift in Sources */,
				A20016 /* LoginPage.swift in Sources */,
				A20017 /* ServerConfigPage.swift in Sources */,
				A20018 /* LogListView.swift in Sources */,
				A20019 /* LogViewModel.swift in Sources */,
				A20020 /* MainTabView.swift in Sources */,
				A20021 /* AppNavigation.swift in Sources */,
				A20022 /* NotificationListView.swift in Sources */,
				A20023 /* NotificationViewModel.swift in Sources */,
				A20024 /* OpenApiView.swift in Sources */,
				A20025 /* OpenApiViewModel.swift in Sources */,
				A20026 /* ScriptListView.swift in Sources */,
				A20027 /* ScriptViewView.swift in Sources */,
				A20028 /* ScriptViewModel.swift in Sources */,
				A20029 /* SecurityView.swift in Sources */,
				A20030 /* SecurityViewModel.swift in Sources */,
				A20031 /* AppLockSettingsView.swift in Sources */,
				A20032 /* MoreView.swift in Sources */,
				A20033 /* SponsorView.swift in Sources */,
				A20034 /* SponsorViewModel.swift in Sources */,
				A20035 /* ThemeSettingsView.swift in Sources */,
				A20036 /* SubscriptionListView.swift in Sources */,
				A20037 /* SubscriptionViewModel.swift in Sources */,
				A20038 /* BackupView.swift in Sources */,
				A20039 /* PanelLogView.swift in Sources */,
				A20040 /* SystemSettingsView.swift in Sources */,
				A20041 /* SystemViewModel.swift in Sources */,
				A20042 /* TaskListView.swift in Sources */,
				A20043 /* TaskViewModel.swift in Sources */,
				A20044 /* UserListView.swift in Sources */,
				A20045 /* UserViewModel.swift in Sources */,
				A30001 /* EnvDetailView.swift in Sources */,
				A30002 /* LogStreamView.swift in Sources */,
				A30003 /* AboutView.swift in Sources */,
			);
			runOnlyForDeploymentPostprocessing = 0;
		};
/* End PBXSourcesBuildPhase section */

/* Begin XCBuildConfiguration section */
		BC0001 /* Debug */ = {
			isa = XCBuildConfiguration;
			buildSettings = {
				ALWAYS_SEARCH_USER_PATHS = NO;
				ASSETCATALOG_COMPILER_GENERATE_SWIFT_ASSET_SYMBOL_EXTENSIONS = YES;
				CLANG_ANALYZER_NONNULL = YES;
				CLANG_ANALYZER_NUMBER_OBJECT_CONVERSION = YES_AGGRESSIVE;
				CLANG_CXX_LANGUAGE_STANDARD = "gnu++20";
				CLANG_ENABLE_MODULES = YES;
				CLANG_ENABLE_OBJC_ARC = YES;
				CLANG_ENABLE_OBJC_WEAK = YES;
				CLANG_WARN_BLOCK_CAPTURE_AUTORELEASING = YES;
				CLANG_WARN_BOOL_CONVERSION = YES;
				CLANG_WARN_COMMA = YES;
				CLANG_WARN_CONSTANT_CONVERSION = YES;
				CLANG_WARN_DEPRECATED_OBJC_IMPLEMENTATIONS = YES;
				CLANG_WARN_DIRECT_OBJC_ISA_USAGE = YES_ERROR;
				CLANG_WARN_DOCUMENTATION_COMMENTS = YES;
				CLANG_WARN_EMPTY_BODY = YES;
				CLANG_WARN_ENUM_CONVERSION = YES;
				CLANG_WARN_INFINITE_RECURSION = YES;
				CLANG_WARN_INT_CONVERSION = YES;
				CLANG_WARN_NON_LITERAL_NULL_CONVERSION = YES;
				CLANG_WARN_OBJC_IMPLICIT_RETAIN_SELF = YES;
				CLANG_WARN_OBJC_LITERAL_CONVERSION = YES;
				CLANG_WARN_OBJC_ROOT_CLASS = YES_ERROR;
				CLANG_WARN_QUOTED_INCLUDE_IN_FRAMEWORK_HEADER = YES;
				CLANG_WARN_RANGE_LOOP_ANALYSIS = YES;
				CLANG_WARN_STRICT_PROTOTYPES = YES;
				CLANG_WARN_SUSPICIOUS_MOVE = YES;
				CLANG_WARN_UNGUARDED_AVAILABILITY = YES_AGGRESSIVE;
				CLANG_WARN_UNREACHABLE_CODE = YES;
				CLANG_WARN__DUPLICATE_METHOD_MATCH = YES;
				COPY_PHASE_STRIP = NO;
				DEBUG_INFORMATION_FORMAT = dwarf;
				ENABLE_STRICT_OBJC_MSGSEND = YES;
				ENABLE_TESTABILITY = YES;
				ENABLE_USER_SCRIPT_SANDBOXING = YES;
				GCC_C_LANGUAGE_STANDARD = gnu17;
				GCC_DYNAMIC_NO_PIC = NO;
				GCC_NO_COMMON_BLOCKS = YES;
				GCC_OPTIMIZATION_LEVEL = 0;
				GCC_PREPROCESSOR_DEFINITIONS = (
					"DEBUG=1",
					"$(inherited)",
				);
				GCC_WARN_64_TO_32_BIT_CONVERSION = YES;
				GCC_WARN_ABOUT_RETURN_TYPE = YES_ERROR;
				GCC_WARN_UNDECLARED_SELECTOR = YES;
				GCC_WARN_UNINITIALIZED_AUTOS = YES_AGGRESSIVE;
				GCC_WARN_UNUSED_FUNCTION = YES;
				GCC_WARN_UNUSED_VARIABLE = YES;
				IPHONEOS_DEPLOYMENT_TARGET = 16.0;
				LOCALIZATION_PREFERS_STRING_CATALOGS = YES;
				MTL_ENABLE_DEBUG_INFO = INCLUDE_SOURCE;
				MTL_FAST_MATH = YES;
				ONLY_ACTIVE_ARCH = YES;
				SDKROOT = iphoneos;
				SWIFT_ACTIVE_COMPILATION_CONDITIONS = "DEBUG $(inherited)";
				SWIFT_OPTIMIZATION_LEVEL = "-Onone";
			};
			name = Debug;
		};
		BC0002 /* Release */ = {
			isa = XCBuildConfiguration;
			buildSettings = {
				ALWAYS_SEARCH_USER_PATHS = NO;
				ASSETCATALOG_COMPILER_GENERATE_SWIFT_ASSET_SYMBOL_EXTENSIONS = YES;
				CLANG_ANALYZER_NONNULL = YES;
				CLANG_ANALYZER_NUMBER_OBJECT_CONVERSION = YES_AGGRESSIVE;
				CLANG_CXX_LANGUAGE_STANDARD = "gnu++20";
				CLANG_ENABLE_MODULES = YES;
				CLANG_ENABLE_OBJC_ARC = YES;
				CLANG_ENABLE_OBJC_WEAK = YES;
				CLANG_WARN_BLOCK_CAPTURE_AUTORELEASING = YES;
				CLANG_WARN_BOOL_CONVERSION = YES;
				CLANG_WARN_COMMA = YES;
				CLANG_WARN_CONSTANT_CONVERSION = YES;
				CLANG_WARN_DEPRECATED_OBJC_IMPLEMENTATIONS = YES;
				CLANG_WARN_DIRECT_OBJC_ISA_USAGE = YES_ERROR;
				CLANG_WARN_DOCUMENTATION_COMMENTS = YES;
				CLANG_WARN_EMPTY_BODY = YES;
				CLANG_WARN_ENUM_CONVERSION = YES;
				CLANG_WARN_INFINITE_RECURSION = YES;
				CLANG_WARN_INT_CONVERSION = YES;
				CLANG_WARN_NON_LITERAL_NULL_CONVERSION = YES;
				CLANG_WARN_OBJC_IMPLICIT_RETAIN_SELF = YES;
				CLANG_WARN_OBJC_LITERAL_CONVERSION = YES;
				CLANG_WARN_OBJC_ROOT_CLASS = YES_ERROR;
				CLANG_WARN_QUOTED_INCLUDE_IN_FRAMEWORK_HEADER = YES;
				CLANG_WARN_RANGE_LOOP_ANALYSIS = YES;
				CLANG_WARN_STRICT_PROTOTYPES = YES;
				CLANG_WARN_SUSPICIOUS_MOVE = YES;
				CLANG_WARN_UNGUARDED_AVAILABILITY = YES_AGGRESSIVE;
				CLANG_WARN_UNREACHABLE_CODE = YES;
				CLANG_WARN__DUPLICATE_METHOD_MATCH = YES;
				COPY_PHASE_STRIP = NO;
				DEBUG_INFORMATION_FORMAT = "dwarf-with-dsym";
				ENABLE_NS_ASSERTIONS = NO;
				ENABLE_STRICT_OBJC_MSGSEND = YES;
				ENABLE_USER_SCRIPT_SANDBOXING = YES;
				GCC_C_LANGUAGE_STANDARD = gnu17;
				GCC_NO_COMMON_BLOCKS = YES;
				GCC_WARN_64_TO_32_BIT_CONVERSION = YES;
				GCC_WARN_ABOUT_RETURN_TYPE = YES_ERROR;
				GCC_WARN_UNDECLARED_SELECTOR = YES;
				GCC_WARN_UNINITIALIZED_AUTOS = YES_AGGRESSIVE;
				GCC_WARN_UNUSED_FUNCTION = YES;
				GCC_WARN_UNUSED_VARIABLE = YES;
				IPHONEOS_DEPLOYMENT_TARGET = 16.0;
				LOCALIZATION_PREFERS_STRING_CATALOGS = YES;
				MTL_ENABLE_DEBUG_INFO = NO;
				MTL_FAST_MATH = YES;
				SDKROOT = iphoneos;
				SWIFT_COMPILATION_MODE = wholemodule;
				VALIDATE_PRODUCT = YES;
			};
			name = Release;
		};
		BC1001 /* Debug */ = {
			isa = XCBuildConfiguration;
			buildSettings = {
				ASSETCATALOG_COMPILER_APPICON_NAME = AppIcon;
				CODE_SIGN_STYLE = Automatic;
				CURRENT_PROJECT_VERSION = 1;
				GENERATE_INFOPLIST_FILE = YES;
				INFOPLIST_FILE = DaidaiPanel/Info.plist;
				INFOPLIST_KEY_CFBundleDisplayName = "呆呆面板";
				INFOPLIST_KEY_UIApplicationSceneManifest_Generation = YES;
				INFOPLIST_KEY_UIApplicationSupportsIndirectInputEvents = YES;
				INFOPLIST_KEY_UILaunchScreen_Generation = YES;
				INFOPLIST_KEY_UISupportedInterfaceOrientations_iPad = "UIInterfaceOrientationPortrait UIInterfaceOrientationPortraitUpsideDown UIInterfaceOrientationLandscapeLeft UIInterfaceOrientationLandscapeRight";
				INFOPLIST_KEY_UISupportedInterfaceOrientations_iPhone = "UIInterfaceOrientationPortrait UIInterfaceOrientationLandscapeLeft UIInterfaceOrientationLandscapeRight";
				LD_RUNPATH_SEARCH_PATHS = (
					"$(inherited)",
					"@executable_path/Frameworks",
				);
				MARKETING_VERSION = 1.0.0;
				PRODUCT_BUNDLE_IDENTIFIER = com.daidai.panel;
				PRODUCT_NAME = "$(TARGET_NAME)";
				SUPPORTED_PLATFORMS = "iphoneos iphonesimulator";
				SUPPORTS_MACCATALYST = NO;
				SWIFT_EMIT_LOC_STRINGS = YES;
				SWIFT_VERSION = 5.0;
				TARGETED_DEVICE_FAMILY = "1,2";
			};
			name = Debug;
		};
		BC1002 /* Release */ = {
			isa = XCBuildConfiguration;
			buildSettings = {
				ASSETCATALOG_COMPILER_APPICON_NAME = AppIcon;
				CODE_SIGN_STYLE = Automatic;
				CURRENT_PROJECT_VERSION = 1;
				GENERATE_INFOPLIST_FILE = YES;
				INFOPLIST_FILE = DaidaiPanel/Info.plist;
				INFOPLIST_KEY_CFBundleDisplayName = "呆呆面板";
				INFOPLIST_KEY_UIApplicationSceneManifest_Generation = YES;
				INFOPLIST_KEY_UIApplicationSupportsIndirectInputEvents = YES;
				INFOPLIST_KEY_UILaunchScreen_Generation = YES;
				INFOPLIST_KEY_UISupportedInterfaceOrientations_iPad = "UIInterfaceOrientationPortrait UIInterfaceOrientationPortraitUpsideDown UIInterfaceOrientationLandscapeLeft UIInterfaceOrientationLandscapeRight";
				INFOPLIST_KEY_UISupportedInterfaceOrientations_iPhone = "UIInterfaceOrientationPortrait UIInterfaceOrientationLandscapeLeft UIInterfaceOrientationLandscapeRight";
				LD_RUNPATH_SEARCH_PATHS = (
					"$(inherited)",
					"@executable_path/Frameworks",
				);
				MARKETING_VERSION = 1.0.0;
				PRODUCT_BUNDLE_IDENTIFIER = com.daidai.panel;
				PRODUCT_NAME = "$(TARGET_NAME)";
				SUPPORTED_PLATFORMS = "iphoneos iphonesimulator";
				SUPPORTS_MACCATALYST = NO;
				SWIFT_EMIT_LOC_STRINGS = YES;
				SWIFT_VERSION = 5.0;
				TARGETED_DEVICE_FAMILY = "1,2";
			};
			name = Release;
		};
/* End XCBuildConfiguration section */

/* Begin XCConfigurationList section */
		X10000 /* Build configuration list for PBXProject "DaidaiPanel" */ = {
			isa = XCConfigurationList;
			buildConfigurations = (
				BC0001 /* Debug */,
				BC0002 /* Release */,
			);
			defaultConfigurationIsVisible = 0;
			defaultConfigurationName = Release;
		};
		X10001 /* Build configuration list for PBXNativeTarget "DaidaiPanel" */ = {
			isa = XCConfigurationList;
			buildConfigurations = (
				BC1001 /* Debug */,
				BC1002 /* Release */,
			);
			defaultConfigurationIsVisible = 0;
			defaultConfigurationName = Release;
		};
/* End XCConfigurationList section */
	};
	rootObject = PR0001;
}
